
Microsoft Visual Studio Solution File, Format Version 12.00
# Visual Studio Version 17
VisualStudioVersion = 17.13.35825.156 d17.13
MinimumVisualStudioVersion = 10.0.40219.1
Project("{FAE04EC0-301F-11D3-BF4B-00C04F79EFBC}") = "jjerhub.TPBookmarks", "jjerhub.TPBookmarks\jjerhub.TPBookmarks.csproj", "{60532FE2-173D-498B-9A95-9B59F7518249}"
EndProject
Global
	GlobalSection(SolutionConfigurationPlatforms) = preSolution
		Debug|Any CPU = Debug|Any CPU
		Release|Any CPU = Release|Any CPU
	EndGlobalSection
	GlobalSection(ProjectConfigurationPlatforms) = postSolution
		{60532FE2-173D-498B-9A95-9B59F7518249}.Debug|Any CPU.ActiveCfg = Debug|Any CPU
		{60532FE2-173D-498B-9A95-9B59F7518249}.Debug|Any CPU.Build.0 = Debug|Any CPU
		{60532FE2-173D-498B-9A95-9B59F7518249}.Release|Any CPU.ActiveCfg = Release|Any CPU
		{60532FE2-173D-498B-9A95-9B59F7518249}.Release|Any CPU.Build.0 = Release|Any CPU
	EndGlobalSection
	GlobalSection(SolutionProperties) = preSolution
		HideSolutionNode = FALSE
	EndGlobalSection
	GlobalSection(ExtensibilityGlobals) = postSolution
		SolutionGuid = {47EF9338-5CA5-4001-8B39-54174E79C2E7}
	EndGlobalSection
EndGlobal
